
Microsoft Visual Studio Solution File, Format Version 12.00
# Visual Studio Version 16
VisualStudioVersion = 16.0.30907.101
MinimumVisualStudioVersion = 10.0.40219.1
Project("{FAE04EC0-301F-11D3-BF4B-00C04F79EFBC}") = "Kurs_BA[LB]", "Kurs_BA[LB]\Kurs_BA[LB].csproj", "{3970F8A9-9E49-48E5-9567-3CA8563E00DC}"
EndProject
Global
	GlobalSection(SolutionConfigurationPlatforms) = preSolution
		Debug|Any CPU = Debug|Any CPU
		Release|Any CPU = Release|Any CPU
	EndGlobalSection
	GlobalSection(ProjectConfigurationPlatforms) = postSolution
		{3970F8A9-9E49-48E5-9567-3CA8563E00DC}.Debug|Any CPU.ActiveCfg = Debug|Any CPU
		{3970F8A9-9E49-48E5-9567-3CA8563E00DC}.Debug|Any CPU.Build.0 = Debug|Any CPU
		{3970F8A9-9E49-48E5-9567-3CA8563E00DC}.Release|Any CPU.ActiveCfg = Release|Any CPU
		{3970F8A9-9E49-48E5-9567-3CA8563E00DC}.Release|Any CPU.Build.0 = Release|Any CPU
	EndGlobalSection
	GlobalSection(SolutionProperties) = preSolution
		HideSolutionNode = FALSE
	EndGlobalSection
	GlobalSection(ExtensibilityGlobals) = postSolution
		SolutionGuid = {FDA4F5C7-481A-45EB-B698-13BCEA5B992A}
	EndGlobalSection
EndGlobal
