
Microsoft Visual Studio Solution File, Format Version 12.00
# Visual Studio Version 17
VisualStudioVersion = 17.8.34511.84
MinimumVisualStudioVersion = 10.0.40219.1
Project("{FAE04EC0-301F-11D3-BF4B-00C04F79EFBC}") = "Kursova", "Kursova.csproj", "{9D439C51-B70F-41CF-ABD4-1417D1A24090}"
EndProject
Global
	GlobalSection(SolutionConfigurationPlatforms) = preSolution
		Debug|Any CPU = Debug|Any CPU
		Release|Any CPU = Release|Any CPU
	EndGlobalSection
	GlobalSection(ProjectConfigurationPlatforms) = postSolution
		{9D439C51-B70F-41CF-ABD4-1417D1A24090}.Debug|Any CPU.ActiveCfg = Debug|Any CPU
		{9D439C51-B70F-41CF-ABD4-1417D1A24090}.Debug|Any CPU.Build.0 = Debug|Any CPU
		{9D439C51-B70F-41CF-ABD4-1417D1A24090}.Release|Any CPU.ActiveCfg = Release|Any CPU
		{9D439C51-B70F-41CF-ABD4-1417D1A24090}.Release|Any CPU.Build.0 = Release|Any CPU
	EndGlobalSection
	GlobalSection(SolutionProperties) = preSolution
		HideSolutionNode = FALSE
	EndGlobalSection
	GlobalSection(ExtensibilityGlobals) = postSolution
		SolutionGuid = {7655BD0D-55A2-4710-8E1A-3CA5E81FE514}
	EndGlobalSection
EndGlobal
